
Microsoft Visual Studio Solution File, Format Version 12.00
# Visual Studio Version 17
VisualStudioVersion = 17.2.32526.322
MinimumVisualStudioVersion = 10.0.40219.1
Project("{9A19103F-16F7-4668-BE54-9A1E7A4F7556}") = "Final Project - Dungeon Crawler", "Final Project - Dungeon Crawler.csproj", "{9DAD8E25-FE96-429D-8352-46C06BFFA8A5}"
EndProject
Global
	GlobalSection(SolutionConfigurationPlatforms) = preSolution
		Debug|Any CPU = Debug|Any CPU
		Release|Any CPU = Release|Any CPU
	EndGlobalSection
	GlobalSection(ProjectConfigurationPlatforms) = postSolution
		{9DAD8E25-FE96-429D-8352-46C06BFFA8A5}.Debug|Any CPU.ActiveCfg = Debug|Any CPU
		{9DAD8E25-FE96-429D-8352-46C06BFFA8A5}.Debug|Any CPU.Build.0 = Debug|Any CPU
		{9DAD8E25-FE96-429D-8352-46C06BFFA8A5}.Release|Any CPU.ActiveCfg = Release|Any CPU
		{9DAD8E25-FE96-429D-8352-46C06BFFA8A5}.Release|Any CPU.Build.0 = Release|Any CPU
	EndGlobalSection
	GlobalSection(SolutionProperties) = preSolution
		HideSolutionNode = FALSE
	EndGlobalSection
	GlobalSection(ExtensibilityGlobals) = postSolution
		SolutionGuid = {1D80D1AC-08A3-4B34-9772-C515C99C2066}
	EndGlobalSection
EndGlobal
